{
  "name": "be-a-nav-link",
  "version": "0.0.3",
  "lockfileVersion": 2,
  "requires": true,
  "packages": {
    "": {
      "version": "0.0.3",
      "license": "MIT",
      "dependencies": {
        "xtal-decor": "0.0.27",
        "xtal-element": "0.0.347"
      }
    },
    "node_modules/css-observe": {
      "version": "0.0.37",
      "resolved": "https://registry.npmjs.org/css-observe/-/css-observe-0.0.37.tgz",
      "integrity": "sha512-DcGlufPL2LC+IHgxnJVMevniB/L7fSYCJ3VuP3m0e5xsRN7Yd1kIiCvIMkh8YVhzAdk87L4h0p8HqsgCdeXL7w==",
      "dependencies": {
        "xtal-element": "0.0.347"
      }
    },
    "node_modules/trans-render": {
      "version": "0.0.276",
      "resolved": "https://registry.npmjs.org/trans-render/-/trans-render-0.0.276.tgz",
      "integrity": "sha512-lqh9kbuzGCVrEo7P5UXmTZk1phDS8qJJY9CRnKB7AkOmXCuni9ys7hFAmQH8fE6ipVUKGE613QPwkkqr1AM4+Q=="
    },
    "node_modules/xtal-decor": {
      "version": "0.0.27",
      "resolved": "https://registry.npmjs.org/xtal-decor/-/xtal-decor-0.0.27.tgz",
      "integrity": "sha512-yATsGOyYWPqMa8W9kIUVpcYigXHJ2BBLh5grWVxEpSi32aTv3dOaLGHL2OzYgA/Nc+DNevJMnYUgPhfMoBY6mg==",
      "license": "MIT",
      "dependencies": {
        "css-observe": "0.0.37",
        "trans-render": "0.0.276",
        "xtal-element": "0.0.347"
      }
    },
    "node_modules/xtal-element": {
      "version": "0.0.347",
      "resolved": "https://registry.npmjs.org/xtal-element/-/xtal-element-0.0.347.tgz",
      "integrity": "sha512-mDHiJfoyMpZNcAg1pjHZpuIZo8b+EyEFjRTWXm4VJ8FhFya7pUTfj1Ke40SPsHuyCbnqLNGEWpaUEqokTRuEzw==",
      "dependencies": {
        "trans-render": "0.0.276"
      }
    }
  },
  "dependencies": {
    "css-observe": {
      "version": "0.0.37",
      "resolved": "https://registry.npmjs.org/css-observe/-/css-observe-0.0.37.tgz",
      "integrity": "sha512-DcGlufPL2LC+IHgxnJVMevniB/L7fSYCJ3VuP3m0e5xsRN7Yd1kIiCvIMkh8YVhzAdk87L4h0p8HqsgCdeXL7w==",
      "requires": {
        "xtal-element": "0.0.347"
      }
    },
    "trans-render": {
      "version": "0.0.276",
      "resolved": "https://registry.npmjs.org/trans-render/-/trans-render-0.0.276.tgz",
      "integrity": "sha512-lqh9kbuzGCVrEo7P5UXmTZk1phDS8qJJY9CRnKB7AkOmXCuni9ys7hFAmQH8fE6ipVUKGE613QPwkkqr1AM4+Q=="
    },
    "xtal-decor": {
      "version": "0.0.27",
      "resolved": "https://registry.npmjs.org/xtal-decor/-/xtal-decor-0.0.27.tgz",
      "integrity": "sha512-yATsGOyYWPqMa8W9kIUVpcYigXHJ2BBLh5grWVxEpSi32aTv3dOaLGHL2OzYgA/Nc+DNevJMnYUgPhfMoBY6mg==",
      "requires": {
        "css-observe": "0.0.37",
        "trans-render": "0.0.276",
        "xtal-element": "0.0.347"
      }
    },
    "xtal-element": {
      "version": "0.0.347",
      "resolved": "https://registry.npmjs.org/xtal-element/-/xtal-element-0.0.347.tgz",
      "integrity": "sha512-mDHiJfoyMpZNcAg1pjHZpuIZo8b+EyEFjRTWXm4VJ8FhFya7pUTfj1Ke40SPsHuyCbnqLNGEWpaUEqokTRuEzw==",
      "requires": {
        "trans-render": "0.0.276"
      }
    }
  }
}
